# This file is automatically @generated by Cargo.
# It is not intended for manual editing.
version = 4

[[package]]
name = "ciphra-crypto"
version = "0.0.1"
source = "git+https://github.com/monxley/ciphra?rev=b87e29b31a207501277c63ae023781fcf7c9d646#b87e29b31a207501277c63ae023781fcf7c9d646"

[[package]]
name = "ciphra-net"
version = "0.0.1"
source = "git+https://github.com/monxley/ciphra?rev=b87e29b31a207501277c63ae023781fcf7c9d646#b87e29b31a207501277c63ae023781fcf7c9d646"
dependencies = [
 "ciphra-crypto",
 "ciphra-storage",
]

[[package]]
name = "ciphra-storage"
version = "0.0.1"
source = "git+https://github.com/monxley/ciphra?rev=b87e29b31a207501277c63ae023781fcf7c9d646#b87e29b31a207501277c63ae023781fcf7c9d646"

[[package]]
name = "shoal-api"
version = "0.0.0"
dependencies = [
 "ciphra-net",
 "ciphra-storage",
 "shoal-client",
 "shoal-crypto",
 "shoal-identity",
 "shoal-mailbox",
 "shoal-mix",
 "shoal-net",
 "shoal-relay",
 "shoal-session",
]

[[package]]
name = "shoal-client"
version = "0.0.0"
dependencies = [
 "shoal-crypto",
 "shoal-identity",
 "shoal-mailbox",
 "shoal-session",
]

[[package]]
name = "shoal-crypto"
version = "0.0.0"

[[package]]
name = "shoal-identity"
version = "0.0.0"
dependencies = [
 "shoal-crypto",
]

[[package]]
name = "shoal-mailbox"
version = "0.0.0"
dependencies = [
 "shoal-crypto",
 "shoal-identity",
 "shoal-session",
]

[[package]]
name = "shoal-mix"
version = "0.0.0"
dependencies = [
 "shoal-crypto",
 "shoal-identity",
 "shoal-mailbox",
 "shoal-net",
]

[[package]]
name = "shoal-net"
version = "0.0.0"
dependencies = [
 "shoal-crypto",
]

[[package]]
name = "shoal-relay"
version = "0.0.0"
dependencies = [
 "ciphra-net",
 "ciphra-storage",
 "shoal-client",
 "shoal-crypto",
 "shoal-mailbox",
]

[[package]]
name = "shoal-relay-server"
version = "0.0.0"
dependencies = [
 "ciphra-crypto",
 "ciphra-net",
 "ciphra-storage",
 "shoal-crypto",
 "shoal-mix",
 "shoal-net",
 "shoal-relay",
]

[[package]]
name = "shoal-session"
version = "0.0.0"
dependencies = [
 "shoal-crypto",
 "shoal-identity",
]
